// !$*UTF8*$!
{
	archiveVersion = 1;
	classes = {
	};
	objectVersion = 55;
	objects = {

/* Begin PBXBuildFile section */
		991C9D9A280F2303003863CA /* AnimationsApp.swift in Sources */ = {isa = PBXBuildFile; fileRef = 991C9D99280F2303003863CA /* AnimationsApp.swift */; };
		991C9D9C280F2303003863CA /* RotatingBackgroundView.swift in Sources */ = {isa = PBXBuildFile; fileRef = 991C9D9B280F2303003863CA /* RotatingBackgroundView.swift */; };
		991C9D9E280F2305003863CA /* Assets.xcassets in Resources */ = {isa = PBXBuildFile; fileRef = 991C9D9D280F2305003863CA /* Assets.xcassets */; };
		991C9DA1280F2305003863CA /* Preview Assets.xcassets in Resources */ = {isa = PBXBuildFile; fileRef = 991C9DA0280F2305003863CA /* Preview Assets.xcassets */; };
		991C9DA9280F2BEA003863CA /* BouncingView.swift in Sources */ = {isa = PBXBuildFile; fileRef = 991C9DA8280F2BEA003863CA /* BouncingView.swift */; };
		991C9DAB280F30BA003863CA /* RainbowView.swift in Sources */ = {isa = PBXBuildFile; fileRef = 991C9DAA280F30BA003863CA /* RainbowView.swift */; };
		991C9DAD280F3151003863CA /* RainbowColors.swift in Sources */ = {isa = PBXBuildFile; fileRef = 991C9DAC280F3151003863CA /* RainbowColors.swift */; };
		99D8CBB72811CC5300FE369C /* PlaneView.swift in Sources */ = {isa = PBXBuildFile; fileRef = 99D8CBB62811CC5300FE369C /* PlaneView.swift */; };
		99D8CBB92811D37A00FE369C /* Rotate3DView.swift in Sources */ = {isa = PBXBuildFile; fileRef = 99D8CBB82811D37A00FE369C /* Rotate3DView.swift */; };
/* End PBXBuildFile section */

/* Begin PBXFileReference section */
		991C9D96280F2303003863CA /* Animations.app */ = {isa = PBXFileReference; explicitFileType = wrapper.application; includeInIndex = 0; path = Animations.app; sourceTree = BUILT_PRODUCTS_DIR; };
		991C9D99280F2303003863CA /* AnimationsApp.swift */ = {isa = PBXFileReference; lastKnownFileType = sourcecode.swift; path = AnimationsApp.swift; sourceTree = "<group>"; };
		991C9D9B280F2303003863CA /* RotatingBackgroundView.swift */ = {isa = PBXFileReference; lastKnownFileType = sourcecode.swift; path = RotatingBackgroundView.swift; sourceTree = "<group>"; };
		991C9D9D280F2305003863CA /* Assets.xcassets */ = {isa = PBXFileReference; lastKnownFileType = folder.assetcatalog; path = Assets.xcassets; sourceTree = "<group>"; };
		991C9DA0280F2305003863CA /* Preview Assets.xcassets */ = {isa = PBXFileReference; lastKnownFileType = folder.assetcatalog; path = "Preview Assets.xcassets"; sourceTree = "<group>"; };
		991C9DA7280F2339003863CA /* Animations.entitlements */ = {isa = PBXFileReference; lastKnownFileType = text.plist.entitlements; path = Animations.entitlements; sourceTree = "<group>"; };
		991C9DA8280F2BEA003863CA /* BouncingView.swift */ = {isa = PBXFileReference; lastKnownFileType = sourcecode.swift; path = BouncingView.swift; sourceTree = "<group>"; };
		991C9DAA280F30BA003863CA /* RainbowView.swift */ = {isa = PBXFileReference; lastKnownFileType = sourcecode.swift; path = RainbowView.swift; sourceTree = "<group>"; };
		991C9DAC280F3151003863CA /* RainbowColors.swift */ = {isa = PBXFileReference; lastKnownFileType = sourcecode.swift; path = RainbowColors.swift; sourceTree = "<group>"; };
		99D8CBB62811CC5300FE369C /* PlaneView.swift */ = {isa = PBXFileReference; lastKnownFileType = sourcecode.swift; path = PlaneView.swift; sourceTree = "<group>"; };
		99D8CBB82811D37A00FE369C /* Rotate3DView.swift */ = {isa = PBXFileReference; lastKnownFileType = sourcecode.swift; path = Rotate3DView.swift; sourceTree = "<group>"; };
/* End PBXFileReference section */

/* Begin PBXFrameworksBuildPhase section */
		991C9D93280F2303003863CA /* Frameworks */ = {
			isa = PBXFrameworksBuildPhase;
			buildActionMask = 2147483647;
			files = (
			);
			runOnlyForDeploymentPostprocessing = 0;
		};
/* End PBXFrameworksBuildPhase section */

/* Begin PBXGroup section */
		991C9D8D280F2303003863CA = {
			isa = PBXGroup;
			children = (
				991C9D98280F2303003863CA /* Animations */,
				991C9D97280F2303003863CA /* Products */,
			);
			sourceTree = "<group>";
		};
		991C9D97280F2303003863CA /* Products */ = {
			isa = PBXGroup;
			children = (
				991C9D96280F2303003863CA /* Animations.app */,
			);
			name = Products;
			sourceTree = "<group>";
		};
		991C9D98280F2303003863CA /* Animations */ = {
			isa = PBXGroup;
			children = (
				991C9DA7280F2339003863CA /* Animations.entitlements */,
				991C9D99280F2303003863CA /* AnimationsApp.swift */,
				991C9D9B280F2303003863CA /* RotatingBackgroundView.swift */,
				991C9DAC280F3151003863CA /* RainbowColors.swift */,
				991C9DA8280F2BEA003863CA /* BouncingView.swift */,
				991C9DAA280F30BA003863CA /* RainbowView.swift */,
				99D8CBB82811D37A00FE369C /* Rotate3DView.swift */,
				99D8CBB62811CC5300FE369C /* PlaneView.swift */,
				991C9D9D280F2305003863CA /* Assets.xcassets */,
				991C9D9F280F2305003863CA /* Preview Content */,
			);
			path = Animations;
			sourceTree = "<group>";
		};
		991C9D9F280F2305003863CA /* Preview Content */ = {
			isa = PBXGroup;
			children = (
				991C9DA0280F2305003863CA /* Preview Assets.xcassets */,
			);
			path = "Preview Content";
			sourceTree = "<group>";
		};
/* End PBXGroup section */

/* Begin PBXNativeTarget section */
		991C9D95280F2303003863CA /* Animations */ = {
			isa = PBXNativeTarget;
			buildConfigurationList = 991C9DA4280F2305003863CA /* Build configuration list for PBXNativeTarget "Animations" */;
			buildPhases = (
				991C9D92280F2303003863CA /* Sources */,
				991C9D93280F2303003863CA /* Frameworks */,
				991C9D94280F2303003863CA /* Resources */,
			);
			buildRules = (
			);
			dependencies = (
			);
			name = Animations;
			productName = Animations;
			productReference = 991C9D96280F2303003863CA /* Animations.app */;
			productType = "com.apple.product-type.application";
		};
/* End PBXNativeTarget section */

/* Begin PBXProject section */
		991C9D8E280F2303003863CA /* Project object */ = {
			isa = PBXProject;
			attributes = {
				BuildIndependentTargetsInParallel = 1;
				LastSwiftUpdateCheck = 1330;
				LastUpgradeCheck = 1330;
				TargetAttributes = {
					991C9D95280F2303003863CA = {
						CreatedOnToolsVersion = 13.3;
					};
				};
			};
			buildConfigurationList = 991C9D91280F2303003863CA /* Build configuration list for PBXProject "Animations" */;
			compatibilityVersion = "Xcode 13.0";
			developmentRegion = en;
			hasScannedForEncodings = 0;
			knownRegions = (
				en,
				Base,
			);
			mainGroup = 991C9D8D280F2303003863CA;
			productRefGroup = 991C9D97280F2303003863CA /* Products */;
			projectDirPath = "";
			projectRoot = "";
			targets = (
				991C9D95280F2303003863CA /* Animations */,
			);
		};
/* End PBXProject section */

/* Begin PBXResourcesBuildPhase section */
		991C9D94280F2303003863CA /* Resources */ = {
			isa = PBXResourcesBuildPhase;
			buildActionMask = 2147483647;
			files = (
				991C9DA1280F2305003863CA /* Preview Assets.xcassets in Resources */,
				991C9D9E280F2305003863CA /* Assets.xcassets in Resources */,
			);
			runOnlyForDeploymentPostprocessing = 0;
		};
/* End PBXResourcesBuildPhase section */

/* Begin PBXSourcesBuildPhase section */
		991C9D92280F2303003863CA /* Sources */ = {
			isa = PBXSourcesBuildPhase;
			buildActionMask = 2147483647;
			files = (
				991C9D9C280F2303003863CA /* RotatingBackgroundView.swift in Sources */,
				99D8CBB72811CC5300FE369C /* PlaneView.swift in Sources */,
				991C9DAB280F30BA003863CA /* RainbowView.swift in Sources */,
				99D8CBB92811D37A00FE369C /* Rotate3DView.swift in Sources */,
				991C9D9A280F2303003863CA /* AnimationsApp.swift in Sources */,
				991C9DAD280F3151003863CA /* RainbowColors.swift in Sources */,
				991C9DA9280F2BEA003863CA /* BouncingView.swift in Sources */,
			);
			runOnlyForDeploymentPostprocessing = 0;
		};
/* End PBXSourcesBuildPhase section */

/* Begin XCBuildConfiguration section */
		991C9DA2280F2305003863CA /* Debug */ = {
			isa = XCBuildConfiguration;
			buildSettings = {
				ALWAYS_SEARCH_USER_PATHS = NO;
				CLANG_ANALYZER_NONNULL = YES;
				CLANG_ANALYZER_NUMBER_OBJECT_CONVERSION = YES_AGGRESSIVE;
				CLANG_CXX_LANGUAGE_STANDARD = "gnu++17";
				CLANG_ENABLE_MODULES = YES;
				CLANG_ENABLE_OBJC_ARC = YES;
				CLANG_ENABLE_OBJC_WEAK = YES;
				CLANG_WARN_BLOCK_CAPTURE_AUTORELEASING = YES;
				CLANG_WARN_BOOL_CONVERSION = YES;
				CLANG_WARN_COMMA = YES;
				CLANG_WARN_CONSTANT_CONVERSION = YES;
				CLANG_WARN_DEPRECATED_OBJC_IMPLEMENTATIONS = YES;
				CLANG_WARN_DIRECT_OBJC_ISA_USAGE = YES_ERROR;
				CLANG_WARN_DOCUMENTATION_COMMENTS = YES;
				CLANG_WARN_EMPTY_BODY = YES;
				CLANG_WARN_ENUM_CONVERSION = YES;
				CLANG_WARN_INFINITE_RECURSION = YES;
				CLANG_WARN_INT_CONVERSION = YES;
				CLANG_WARN_NON_LITERAL_NULL_CONVERSION = YES;
				CLANG_WARN_OBJC_IMPLICIT_RETAIN_SELF = YES;
				CLANG_WARN_OBJC_LITERAL_CONVERSION = YES;
				CLANG_WARN_OBJC_ROOT_CLASS = YES_ERROR;
				CLANG_WARN_QUOTED_INCLUDE_IN_FRAMEWORK_HEADER = YES;
				CLANG_WARN_RANGE_LOOP_ANALYSIS = YES;
				CLANG_WARN_STRICT_PROTOTYPES = YES;
				CLANG_WARN_SUSPICIOUS_MOVE = YES;
				CLANG_WARN_UNGUARDED_AVAILABILITY = YES_AGGRESSIVE;
				CLANG_WARN_UNREACHABLE_CODE = YES;
				CLANG_WARN__DUPLICATE_METHOD_MATCH = YES;
				COPY_PHASE_STRIP = NO;
				DEBUG_INFORMATION_FORMAT = dwarf;
				ENABLE_STRICT_OBJC_MSGSEND = YES;
				ENABLE_TESTABILITY = YES;
				GCC_C_LANGUAGE_STANDARD = gnu11;
				GCC_DYNAMIC_NO_PIC = NO;
				GCC_NO_COMMON_BLOCKS = YES;
				GCC_OPTIMIZATION_LEVEL = 0;
				GCC_PREPROCESSOR_DEFINITIONS = (
					"DEBUG=1",
					"$(inherited)",
				);
				GCC_WARN_64_TO_32_BIT_CONVERSION = YES;
				GCC_WARN_ABOUT_RETURN_TYPE = YES_ERROR;
				GCC_WARN_UNDECLARED_SELECTOR = YES;
				GCC_WARN_UNINITIALIZED_AUTOS = YES_AGGRESSIVE;
				GCC_WARN_UNUSED_FUNCTION = YES;
				GCC_WARN_UNUSED_VARIABLE = YES;
				IPHONEOS_DEPLOYMENT_TARGET = 15.4;
				MTL_ENABLE_DEBUG_INFO = INCLUDE_SOURCE;
				MTL_FAST_MATH = YES;
				ONLY_ACTIVE_ARCH = YES;
				SDKROOT = iphoneos;
				SWIFT_ACTIVE_COMPILATION_CONDITIONS = DEBUG;
				SWIFT_OPTIMIZATION_LEVEL = "-Onone";
			};
			name = Debug;
		};
		991C9DA3280F2305003863CA /* Release */ = {
			isa = XCBuildConfiguration;
			buildSettings = {
				ALWAYS_SEARCH_USER_PATHS = NO;
				CLANG_ANALYZER_NONNULL = YES;
				CLANG_ANALYZER_NUMBER_OBJECT_CONVERSION = YES_AGGRESSIVE;
				CLANG_CXX_LANGUAGE_STANDARD = "gnu++17";
				CLANG_ENABLE_MODULES = YES;
				CLANG_ENABLE_OBJC_ARC = YES;
				CLANG_ENABLE_OBJC_WEAK = YES;
				CLANG_WARN_BLOCK_CAPTURE_AUTORELEASING = YES;
				CLANG_WARN_BOOL_CONVERSION = YES;
				CLANG_WARN_COMMA = YES;
				CLANG_WARN_CONSTANT_CONVERSION = YES;
				CLANG_WARN_DEPRECATED_OBJC_IMPLEMENTATIONS = YES;
				CLANG_WARN_DIRECT_OBJC_ISA_USAGE = YES_ERROR;
				CLANG_WARN_DOCUMENTATION_COMMENTS = YES;
				CLANG_WARN_EMPTY_BODY = YES;
				CLANG_WARN_ENUM_CONVERSION = YES;
				CLANG_WARN_INFINITE_RECURSION = YES;
				CLANG_WARN_INT_CONVERSION = YES;
				CLANG_WARN_NON_LITERAL_NULL_CONVERSION = YES;
				CLANG_WARN_OBJC_IMPLICIT_RETAIN_SELF = YES;
				CLANG_WARN_OBJC_LITERAL_CONVERSION = YES;
				CLANG_WARN_OBJC_ROOT_CLASS = YES_ERROR;
				CLANG_WARN_QUOTED_INCLUDE_IN_FRAMEWORK_HEADER = YES;
				CLANG_WARN_RANGE_LOOP_ANALYSIS = YES;
				CLANG_WARN_STRICT_PROTOTYPES = YES;
				CLANG_WARN_SUSPICIOUS_MOVE = YES;
				CLANG_WARN_UNGUARDED_AVAILABILITY = YES_AGGRESSIVE;
				CLANG_WARN_UNREACHABLE_CODE = YES;
				CLANG_WARN__DUPLICATE_METHOD_MATCH = YES;
				COPY_PHASE_STRIP = NO;
				DEBUG_INFORMATION_FORMAT = "dwarf-with-dsym";
				ENABLE_NS_ASSERTIONS = NO;
				ENABLE_STRICT_OBJC_MSGSEND = YES;
				GCC_C_LANGUAGE_STANDARD = gnu11;
				GCC_NO_COMMON_BLOCKS = YES;
				GCC_WARN_64_TO_32_BIT_CONVERSION = YES;
				GCC_WARN_ABOUT_RETURN_TYPE = YES_ERROR;
				GCC_WARN_UNDECLARED_SELECTOR = YES;
				GCC_WARN_UNINITIALIZED_AUTOS = YES_AGGRESSIVE;
				GCC_WARN_UNUSED_FUNCTION = YES;
				GCC_WARN_UNUSED_VARIABLE = YES;
				IPHONEOS_DEPLOYMENT_TARGET = 15.4;
				MTL_ENABLE_DEBUG_INFO = NO;
				MTL_FAST_MATH = YES;
				SDKROOT = iphoneos;
				SWIFT_COMPILATION_MODE = wholemodule;
				SWIFT_OPTIMIZATION_LEVEL = "-O";
				VALIDATE_PRODUCT = YES;
			};
			name = Release;
		};
		991C9DA5280F2305003863CA /* Debug */ = {
			isa = XCBuildConfiguration;
			buildSettings = {
				ASSETCATALOG_COMPILER_APPICON_NAME = AppIcon;
				ASSETCATALOG_COMPILER_GLOBAL_ACCENT_COLOR_NAME = AccentColor;
				CODE_SIGN_ENTITLEMENTS = Animations/Animations.entitlements;
				CODE_SIGN_STYLE = Automatic;
				CURRENT_PROJECT_VERSION = 1;
				DEVELOPMENT_ASSET_PATHS = "\"Animations/Preview Content\"";
				DEVELOPMENT_TEAM = BGTGP4V6AC;
				ENABLE_PREVIEWS = YES;
				GENERATE_INFOPLIST_FILE = YES;
				INFOPLIST_KEY_UIApplicationSceneManifest_Generation = YES;
				INFOPLIST_KEY_UIApplicationSupportsIndirectInputEvents = YES;
				INFOPLIST_KEY_UILaunchScreen_Generation = YES;
				INFOPLIST_KEY_UISupportedInterfaceOrientations_iPad = "UIInterfaceOrientationPortrait UIInterfaceOrientationPortraitUpsideDown UIInterfaceOrientationLandscapeLeft UIInterfaceOrientationLandscapeRight";
				INFOPLIST_KEY_UISupportedInterfaceOrientations_iPhone = "UIInterfaceOrientationPortrait UIInterfaceOrientationLandscapeLeft UIInterfaceOrientationLandscapeRight";
				LD_RUNPATH_SEARCH_PATHS = (
					"$(inherited)",
					"@executable_path/Frameworks",
				);
				MARKETING_VERSION = 1.0;
				PRODUCT_BUNDLE_IDENTIFIER = com.dfreniche.Animations;
				PRODUCT_NAME = "$(TARGET_NAME)";
				SUPPORTS_MACCATALYST = YES;
				SWIFT_EMIT_LOC_STRINGS = YES;
				SWIFT_VERSION = 5.0;
				TARGETED_DEVICE_FAMILY = "1,2";
			};
			name = Debug;
		};
		991C9DA6280F2305003863CA /* Release */ = {
			isa = XCBuildConfiguration;
			buildSettings = {
				ASSETCATALOG_COMPILER_APPICON_NAME = AppIcon;
				ASSETCATALOG_COMPILER_GLOBAL_ACCENT_COLOR_NAME = AccentColor;
				CODE_SIGN_ENTITLEMENTS = Animations/Animations.entitlements;
				CODE_SIGN_STYLE = Automatic;
				CURRENT_PROJECT_VERSION = 1;
				DEVELOPMENT_ASSET_PATHS = "\"Animations/Preview Content\"";
				DEVELOPMENT_TEAM = BGTGP4V6AC;
				ENABLE_PREVIEWS = YES;
				GENERATE_INFOPLIST_FILE = YES;
				INFOPLIST_KEY_UIApplicationSceneManifest_Generation = YES;
				INFOPLIST_KEY_UIApplicationSupportsIndirectInputEvents = YES;
				INFOPLIST_KEY_UILaunchScreen_Generation = YES;
				INFOPLIST_KEY_UISupportedInterfaceOrientations_iPad = "UIInterfaceOrientationPortrait UIInterfaceOrientationPortraitUpsideDown UIInterfaceOrientationLandscapeLeft UIInterfaceOrientationLandscapeRight";
				INFOPLIST_KEY_UISupportedInterfaceOrientations_iPhone = "UIInterfaceOrientationPortrait UIInterfaceOrientationLandscapeLeft UIInterfaceOrientationLandscapeRight";
				LD_RUNPATH_SEARCH_PATHS = (
					"$(inherited)",
					"@executable_path/Frameworks",
				);
				MARKETING_VERSION = 1.0;
				PRODUCT_BUNDLE_IDENTIFIER = com.dfreniche.Animations;
				PRODUCT_NAME = "$(TARGET_NAME)";
				SUPPORTS_MACCATALYST = YES;
				SWIFT_EMIT_LOC_STRINGS = YES;
				SWIFT_VERSION = 5.0;
				TARGETED_DEVICE_FAMILY = "1,2";
			};
			name = Release;
		};
/* End XCBuildConfiguration section */

/* Begin XCConfigurationList section */
		991C9D91280F2303003863CA /* Build configuration list for PBXProject "Animations" */ = {
			isa = XCConfigurationList;
			buildConfigurations = (
				991C9DA2280F2305003863CA /* Debug */,
				991C9DA3280F2305003863CA /* Release */,
			);
			defaultConfigurationIsVisible = 0;
			defaultConfigurationName = Release;
		};
		991C9DA4280F2305003863CA /* Build configuration list for PBXNativeTarget "Animations" */ = {
			isa = XCConfigurationList;
			buildConfigurations = (
				991C9DA5280F2305003863CA /* Debug */,
				991C9DA6280F2305003863CA /* Release */,
			);
			defaultConfigurationIsVisible = 0;
			defaultConfigurationName = Release;
		};
/* End XCConfigurationList section */
	};
	rootObject = 991C9D8E280F2303003863CA /* Project object */;
}
